
Microsoft Visual Studio Solution File, Format Version 12.00
# Visual Studio Version 17
VisualStudioVersion = 17.4.33110.190
MinimumVisualStudioVersion = 10.0.40219.1
Project("{2150E333-8FDC-42A3-9474-1A3956D46DE8}") = "Src", "Src", "{90D57D6C-84AB-43D3-A825-14B80C650788}"
EndProject
Project("{2150E333-8FDC-42A3-9474-1A3956D46DE8}") = "Commons", "Commons", "{B23734DD-2A39-4922-BDDB-B0C4E0215376}"
EndProject
Project("{2150E333-8FDC-42A3-9474-1A3956D46DE8}") = "Core", "Core", "{984664FB-DCFB-4F1E-A792-3853F82B2622}"
EndProject
Project("{2150E333-8FDC-42A3-9474-1A3956D46DE8}") = "Infrastructure", "Infrastructure", "{E8112792-3BB4-4C76-AD65-6D7C36079F86}"
EndProject
Project("{2150E333-8FDC-42A3-9474-1A3956D46DE8}") = "Presentaion", "Presentaion", "{77449950-A79B-4942-A119-E04FEAFAA1E3}"
EndProject
Project("{9A19103F-16F7-4668-BE54-9A1E7A4F7556}") = "Domain", "Domain\Domain.csproj", "{F041369B-BDBF-4426-9170-D2FA0863B587}"
EndProject
Project("{9A19103F-16F7-4668-BE54-9A1E7A4F7556}") = "Application", "Application\Application.csproj", "{B0EF0666-FED3-4259-B5E1-77EA8E7D509E}"
EndProject
Project("{9A19103F-16F7-4668-BE54-9A1E7A4F7556}") = "Infrastructures", "Infrastructures\Infrastructures.csproj", "{4B745349-AF1E-4558-86EB-B81964BB0425}"
EndProject
Project("{9A19103F-16F7-4668-BE54-9A1E7A4F7556}") = "Persistence", "Persistence\Persistence.csproj", "{942A772C-2F67-4A00-B683-3C4581A099CD}"
EndProject
Project("{9A19103F-16F7-4668-BE54-9A1E7A4F7556}") = "Endpoint", "Endpoint\Endpoint.csproj", "{7CCE84C0-9E2F-49DA-8804-B3E3D4DD9A7A}"
EndProject
Project("{FAE04EC0-301F-11D3-BF4B-00C04F79EFBC}") = "EndpointTest", "EndpointTest\EndpointTest.csproj", "{09AEC24F-9EBC-489F-B5F0-33F7A98818B2}"
EndProject
Global
	GlobalSection(SolutionConfigurationPlatforms) = preSolution
		Debug|Any CPU = Debug|Any CPU
		Release|Any CPU = Release|Any CPU
	EndGlobalSection
	GlobalSection(ProjectConfigurationPlatforms) = postSolution
		{F041369B-BDBF-4426-9170-D2FA0863B587}.Debug|Any CPU.ActiveCfg = Debug|Any CPU
		{F041369B-BDBF-4426-9170-D2FA0863B587}.Debug|Any CPU.Build.0 = Debug|Any CPU
		{F041369B-BDBF-4426-9170-D2FA0863B587}.Release|Any CPU.ActiveCfg = Release|Any CPU
		{F041369B-BDBF-4426-9170-D2FA0863B587}.Release|Any CPU.Build.0 = Release|Any CPU
		{B0EF0666-FED3-4259-B5E1-77EA8E7D509E}.Debug|Any CPU.ActiveCfg = Debug|Any CPU
		{B0EF0666-FED3-4259-B5E1-77EA8E7D509E}.Debug|Any CPU.Build.0 = Debug|Any CPU
		{B0EF0666-FED3-4259-B5E1-77EA8E7D509E}.Release|Any CPU.ActiveCfg = Release|Any CPU
		{B0EF0666-FED3-4259-B5E1-77EA8E7D509E}.Release|Any CPU.Build.0 = Release|Any CPU
		{4B745349-AF1E-4558-86EB-B81964BB0425}.Debug|Any CPU.ActiveCfg = Debug|Any CPU
		{4B745349-AF1E-4558-86EB-B81964BB0425}.Debug|Any CPU.Build.0 = Debug|Any CPU
		{4B745349-AF1E-4558-86EB-B81964BB0425}.Release|Any CPU.ActiveCfg = Release|Any CPU
		{4B745349-AF1E-4558-86EB-B81964BB0425}.Release|Any CPU.Build.0 = Release|Any CPU
		{942A772C-2F67-4A00-B683-3C4581A099CD}.Debug|Any CPU.ActiveCfg = Debug|Any CPU
		{942A772C-2F67-4A00-B683-3C4581A099CD}.Debug|Any CPU.Build.0 = Debug|Any CPU
		{942A772C-2F67-4A00-B683-3C4581A099CD}.Release|Any CPU.ActiveCfg = Release|Any CPU
		{942A772C-2F67-4A00-B683-3C4581A099CD}.Release|Any CPU.Build.0 = Release|Any CPU
		{7CCE84C0-9E2F-49DA-8804-B3E3D4DD9A7A}.Debug|Any CPU.ActiveCfg = Debug|Any CPU
		{7CCE84C0-9E2F-49DA-8804-B3E3D4DD9A7A}.Debug|Any CPU.Build.0 = Debug|Any CPU
		{7CCE84C0-9E2F-49DA-8804-B3E3D4DD9A7A}.Release|Any CPU.ActiveCfg = Release|Any CPU
		{7CCE84C0-9E2F-49DA-8804-B3E3D4DD9A7A}.Release|Any CPU.Build.0 = Release|Any CPU
		{09AEC24F-9EBC-489F-B5F0-33F7A98818B2}.Debug|Any CPU.ActiveCfg = Debug|Any CPU
		{09AEC24F-9EBC-489F-B5F0-33F7A98818B2}.Debug|Any CPU.Build.0 = Debug|Any CPU
		{09AEC24F-9EBC-489F-B5F0-33F7A98818B2}.Release|Any CPU.ActiveCfg = Release|Any CPU
		{09AEC24F-9EBC-489F-B5F0-33F7A98818B2}.Release|Any CPU.Build.0 = Release|Any CPU
	EndGlobalSection
	GlobalSection(SolutionProperties) = preSolution
		HideSolutionNode = FALSE
	EndGlobalSection
	GlobalSection(NestedProjects) = preSolution
		{B23734DD-2A39-4922-BDDB-B0C4E0215376} = {90D57D6C-84AB-43D3-A825-14B80C650788}
		{984664FB-DCFB-4F1E-A792-3853F82B2622} = {90D57D6C-84AB-43D3-A825-14B80C650788}
		{E8112792-3BB4-4C76-AD65-6D7C36079F86} = {90D57D6C-84AB-43D3-A825-14B80C650788}
		{77449950-A79B-4942-A119-E04FEAFAA1E3} = {90D57D6C-84AB-43D3-A825-14B80C650788}
		{F041369B-BDBF-4426-9170-D2FA0863B587} = {984664FB-DCFB-4F1E-A792-3853F82B2622}
		{B0EF0666-FED3-4259-B5E1-77EA8E7D509E} = {984664FB-DCFB-4F1E-A792-3853F82B2622}
		{4B745349-AF1E-4558-86EB-B81964BB0425} = {E8112792-3BB4-4C76-AD65-6D7C36079F86}
		{942A772C-2F67-4A00-B683-3C4581A099CD} = {E8112792-3BB4-4C76-AD65-6D7C36079F86}
		{7CCE84C0-9E2F-49DA-8804-B3E3D4DD9A7A} = {77449950-A79B-4942-A119-E04FEAFAA1E3}
		{09AEC24F-9EBC-489F-B5F0-33F7A98818B2} = {77449950-A79B-4942-A119-E04FEAFAA1E3}
	EndGlobalSection
	GlobalSection(ExtensibilityGlobals) = postSolution
		SolutionGuid = {23B0D247-FB8D-4336-9C23-D17C6B6D81D2}
	EndGlobalSection
EndGlobal
